<?xml version="1.0" encoding="utf-8"?>
<Project ToolsVersion="4.0" xmlns="http://schemas.microsoft.com/developer/msbuild/2003">
  <ItemGroup>
    <ClCompile Include="main.cpp" />
    <ClCompile Include="Base\Base.cpp">
      <Filter>Base</Filter>
    </ClCompile>
    <ClCompile Include="Card\BaseCard.cpp">
      <Filter>Card</Filter>
    </ClCompile>
    <ClCompile Include="SelectScene\SelectScene.cpp">
      <Filter>SelectScene</Filter>
    </ClCompile>
    <ClCompile Include="Settings.cpp" />
  </ItemGroup>
  <ItemGroup>
    <Filter Include="Base">
      <UniqueIdentifier>{cb110097-59e6-4df2-a25d-840205226376}</UniqueIdentifier>
    </Filter>
    <Filter Include="Title">
      <UniqueIdentifier>{244737a8-20cd-442d-870d-0365f1ad07ca}</UniqueIdentifier>
    </Filter>
    <Filter Include="Card">
      <UniqueIdentifier>{fe314d3d-143a-4946-9489-69ec95e395b1}</UniqueIdentifier>
    </Filter>
    <Filter Include="SelectScene">
      <UniqueIdentifier>{56472de1-89b1-406a-9f54-91dbc80aec92}</UniqueIdentifier>
    </Filter>
  </ItemGroup>
  <ItemGroup>
    <ClInclude Include="Base\Base.h">
      <Filter>Base</Filter>
    </ClInclude>
    <ClInclude Include="Card\BaseCard.h">
      <Filter>Card</Filter>
    </ClInclude>
    <ClInclude Include="SelectScene\SelectScene.h">
      <Filter>SelectScene</Filter>
    </ClInclude>
    <ClInclude Include="Settings.h" />
  </ItemGroup>
</Project>